
Microsoft Visual Studio Solution File, Format Version 12.00
# Visual Studio 15
VisualStudioVersion = 15.0.27703.2035
MinimumVisualStudioVersion = 10.0.40219.1
Project("{FAE04EC0-301F-11D3-BF4B-00C04F79EFBC}") = "20Ex", "20Ex\20Ex.csproj", "{279C15D3-D2C1-4A58-825B-999B1DB3FAAA}"
EndProject
Project("{FAE04EC0-301F-11D3-BF4B-00C04F79EFBC}") = "AnimeWinforms", "AnimeWinforms\AnimeWinforms.csproj", "{12510315-EE65-4000-8A23-C367C022DE89}"
EndProject
Project("{FAE04EC0-301F-11D3-BF4B-00C04F79EFBC}") = "AnimeWPF", "AnimeWPF\AnimeWPF.csproj", "{E009B528-B18E-4860-9BDD-3EAEA88B8B61}"
EndProject
Project("{9A19103F-16F7-4668-BE54-9A1E7A4F7556}") = "BradApp", "BradApp\BradApp.csproj", "{E06F4574-6ECB-440A-98AB-53EFD442D715}"
EndProject
Project("{9A19103F-16F7-4668-BE54-9A1E7A4F7556}") = "BradConsola", "BradConsola\BradConsola.csproj", "{6A639622-88DA-4FE9-94A5-A6265E7C224E}"
EndProject
Project("{9A19103F-16F7-4668-BE54-9A1E7A4F7556}") = "BradWeb", "BradWeb\BradWeb.csproj", "{F347BAA2-D2A8-4CCF-8018-3CEE879C630C}"
EndProject
Project("{9A19103F-16F7-4668-BE54-9A1E7A4F7556}") = "BradClassLibrary", "BradClassLibrary\BradClassLibrary.csproj", "{A53140B0-0B01-4940-B0CA-5A21145692F3}"
EndProject
Project("{2150E333-8FDC-42A3-9474-1A3956D46DE8}") = "Brad", "Brad", "{AECA049D-1841-451C-8C9E-B204C394B776}"
EndProject
Project("{FAE04EC0-301F-11D3-BF4B-00C04F79EFBC}") = "AnimeUWP", "AnimeUWP\AnimeUWP.csproj", "{0909EF9A-FE39-4841-AB07-40BB893AA47E}"
EndProject
Project("{FAE04EC0-301F-11D3-BF4B-00C04F79EFBC}") = "AnimeBootstrap", "AnimeBootstrap\AnimeBootstrap.csproj", "{0716388E-E715-4A29-B38E-6A2C2799942B}"
EndProject
Project("{2150E333-8FDC-42A3-9474-1A3956D46DE8}") = "Anime", "Anime", "{1F5F5953-B846-4DA8-83DA-9F0071C35E30}"
EndProject
Project("{00D1A9C2-B5F0-4AF3-8072-F6C62B433612}") = "DatabaseNorthwind", "DatabaseNorthwind\DatabaseNorthwind.sqlproj", "{7FA601DF-6561-45D8-987D-E623B471BE9C}"
EndProject
Project("{FAE04EC0-301F-11D3-BF4B-00C04F79EFBC}") = "EntityFramework", "EntityFramework\EntityFramework.csproj", "{B88E8D90-F5FF-47A4-B39D-291FE73168A8}"
EndProject
Project("{FAE04EC0-301F-11D3-BF4B-00C04F79EFBC}") = "JSSnake", "JSSnake\JSSnake.csproj", "{FF935A6A-9931-48A9-8E1A-6076C68C2B0D}"
EndProject
Project("{FAE04EC0-301F-11D3-BF4B-00C04F79EFBC}") = "MVCTest", "MVCTest\MVCTest.csproj", "{CBDF6640-926D-49E1-ADD3-C1D9545B96A2}"
EndProject
Project("{FAE04EC0-301F-11D3-BF4B-00C04F79EFBC}") = "ContosoUniversity", "ContosoUniversity\ContosoUniversity.csproj", "{264E21D6-4024-4A53-B1BE-1CD42F3348FE}"
EndProject
Project("{FAE04EC0-301F-11D3-BF4B-00C04F79EFBC}") = "Responsive site", "Responsive site\Responsive site.csproj", "{984932DF-34AA-4160-9A68-DDA82D708759}"
EndProject
Project("{2150E333-8FDC-42A3-9474-1A3956D46DE8}") = "20exer", "20exer", "{CFBB5E52-CA73-4D53-BBF2-BEB233D9E621}"
EndProject
Project("{FAE04EC0-301F-11D3-BF4B-00C04F79EFBC}") = "20exWinforms", "20ExWinforms\20exWinforms.csproj", "{18701CA7-7E04-4C34-A8F2-F13BC46E09E7}"
EndProject
Project("{FAE04EC0-301F-11D3-BF4B-00C04F79EFBC}") = "20exWPF", "20exWPF\20exWPF.csproj", "{7484A2CA-CB63-4758-86F3-46F941E0D36C}"
EndProject
Project("{FAE04EC0-301F-11D3-BF4B-00C04F79EFBC}") = "20exUWP", "20exUWP\20exUWP.csproj", "{B50FA7FF-2CFE-4F5F-954B-C31EE73C9E28}"
EndProject
Global
	GlobalSection(SolutionConfigurationPlatforms) = preSolution
		Debug|Any CPU = Debug|Any CPU
		Debug|ARM = Debug|ARM
		Debug|x64 = Debug|x64
		Debug|x86 = Debug|x86
		Release|Any CPU = Release|Any CPU
		Release|ARM = Release|ARM
		Release|x64 = Release|x64
		Release|x86 = Release|x86
	EndGlobalSection
	GlobalSection(ProjectConfigurationPlatforms) = postSolution
		{279C15D3-D2C1-4A58-825B-999B1DB3FAAA}.Debug|Any CPU.ActiveCfg = Debug|Any CPU
		{279C15D3-D2C1-4A58-825B-999B1DB3FAAA}.Debug|Any CPU.Build.0 = Debug|Any CPU
		{279C15D3-D2C1-4A58-825B-999B1DB3FAAA}.Debug|ARM.ActiveCfg = Debug|Any CPU
		{279C15D3-D2C1-4A58-825B-999B1DB3FAAA}.Debug|ARM.Build.0 = Debug|Any CPU
		{279C15D3-D2C1-4A58-825B-999B1DB3FAAA}.Debug|x64.ActiveCfg = Debug|Any CPU
		{279C15D3-D2C1-4A58-825B-999B1DB3FAAA}.Debug|x64.Build.0 = Debug|Any CPU
		{279C15D3-D2C1-4A58-825B-999B1DB3FAAA}.Debug|x86.ActiveCfg = Debug|Any CPU
		{279C15D3-D2C1-4A58-825B-999B1DB3FAAA}.Debug|x86.Build.0 = Debug|Any CPU
		{279C15D3-D2C1-4A58-825B-999B1DB3FAAA}.Release|Any CPU.ActiveCfg = Release|Any CPU
		{279C15D3-D2C1-4A58-825B-999B1DB3FAAA}.Release|Any CPU.Build.0 = Release|Any CPU
		{279C15D3-D2C1-4A58-825B-999B1DB3FAAA}.Release|ARM.ActiveCfg = Release|Any CPU
		{279C15D3-D2C1-4A58-825B-999B1DB3FAAA}.Release|ARM.Build.0 = Release|Any CPU
		{279C15D3-D2C1-4A58-825B-999B1DB3FAAA}.Release|x64.ActiveCfg = Release|Any CPU
		{279C15D3-D2C1-4A58-825B-999B1DB3FAAA}.Release|x64.Build.0 = Release|Any CPU
		{279C15D3-D2C1-4A58-825B-999B1DB3FAAA}.Release|x86.ActiveCfg = Release|Any CPU
		{279C15D3-D2C1-4A58-825B-999B1DB3FAAA}.Release|x86.Build.0 = Release|Any CPU
		{12510315-EE65-4000-8A23-C367C022DE89}.Debug|Any CPU.ActiveCfg = Debug|Any CPU
		{12510315-EE65-4000-8A23-C367C022DE89}.Debug|Any CPU.Build.0 = Debug|Any CPU
		{12510315-EE65-4000-8A23-C367C022DE89}.Debug|ARM.ActiveCfg = Debug|Any CPU
		{12510315-EE65-4000-8A23-C367C022DE89}.Debug|ARM.Build.0 = Debug|Any CPU
		{12510315-EE65-4000-8A23-C367C022DE89}.Debug|x64.ActiveCfg = Debug|Any CPU
		{12510315-EE65-4000-8A23-C367C022DE89}.Debug|x64.Build.0 = Debug|Any CPU
		{12510315-EE65-4000-8A23-C367C022DE89}.Debug|x86.ActiveCfg = Debug|Any CPU
		{12510315-EE65-4000-8A23-C367C022DE89}.Debug|x86.Build.0 = Debug|Any CPU
		{12510315-EE65-4000-8A23-C367C022DE89}.Release|Any CPU.ActiveCfg = Release|Any CPU
		{12510315-EE65-4000-8A23-C367C022DE89}.Release|Any CPU.Build.0 = Release|Any CPU
		{12510315-EE65-4000-8A23-C367C022DE89}.Release|ARM.ActiveCfg = Release|Any CPU
		{12510315-EE65-4000-8A23-C367C022DE89}.Release|ARM.Build.0 = Release|Any CPU
		{12510315-EE65-4000-8A23-C367C022DE89}.Release|x64.ActiveCfg = Release|Any CPU
		{12510315-EE65-4000-8A23-C367C022DE89}.Release|x64.Build.0 = Release|Any CPU
		{12510315-EE65-4000-8A23-C367C022DE89}.Release|x86.ActiveCfg = Release|Any CPU
		{12510315-EE65-4000-8A23-C367C022DE89}.Release|x86.Build.0 = Release|Any CPU
		{E009B528-B18E-4860-9BDD-3EAEA88B8B61}.Debug|Any CPU.ActiveCfg = Debug|Any CPU
		{E009B528-B18E-4860-9BDD-3EAEA88B8B61}.Debug|Any CPU.Build.0 = Debug|Any CPU
		{E009B528-B18E-4860-9BDD-3EAEA88B8B61}.Debug|ARM.ActiveCfg = Debug|Any CPU
		{E009B528-B18E-4860-9BDD-3EAEA88B8B61}.Debug|ARM.Build.0 = Debug|Any CPU
		{E009B528-B18E-4860-9BDD-3EAEA88B8B61}.Debug|x64.ActiveCfg = Debug|Any CPU
		{E009B528-B18E-4860-9BDD-3EAEA88B8B61}.Debug|x64.Build.0 = Debug|Any CPU
		{E009B528-B18E-4860-9BDD-3EAEA88B8B61}.Debug|x86.ActiveCfg = Debug|Any CPU
		{E009B528-B18E-4860-9BDD-3EAEA88B8B61}.Debug|x86.Build.0 = Debug|Any CPU
		{E009B528-B18E-4860-9BDD-3EAEA88B8B61}.Release|Any CPU.ActiveCfg = Release|Any CPU
		{E009B528-B18E-4860-9BDD-3EAEA88B8B61}.Release|Any CPU.Build.0 = Release|Any CPU
		{E009B528-B18E-4860-9BDD-3EAEA88B8B61}.Release|ARM.ActiveCfg = Release|Any CPU
		{E009B528-B18E-4860-9BDD-3EAEA88B8B61}.Release|ARM.Build.0 = Release|Any CPU
		{E009B528-B18E-4860-9BDD-3EAEA88B8B61}.Release|x64.ActiveCfg = Release|Any CPU
		{E009B528-B18E-4860-9BDD-3EAEA88B8B61}.Release|x64.Build.0 = Release|Any CPU
		{E009B528-B18E-4860-9BDD-3EAEA88B8B61}.Release|x86.ActiveCfg = Release|Any CPU
		{E009B528-B18E-4860-9BDD-3EAEA88B8B61}.Release|x86.Build.0 = Release|Any CPU
		{E06F4574-6ECB-440A-98AB-53EFD442D715}.Debug|Any CPU.ActiveCfg = Debug|Any CPU
		{E06F4574-6ECB-440A-98AB-53EFD442D715}.Debug|Any CPU.Build.0 = Debug|Any CPU
		{E06F4574-6ECB-440A-98AB-53EFD442D715}.Debug|ARM.ActiveCfg = Debug|Any CPU
		{E06F4574-6ECB-440A-98AB-53EFD442D715}.Debug|ARM.Build.0 = Debug|Any CPU
		{E06F4574-6ECB-440A-98AB-53EFD442D715}.Debug|x64.ActiveCfg = Debug|Any CPU
		{E06F4574-6ECB-440A-98AB-53EFD442D715}.Debug|x64.Build.0 = Debug|Any CPU
		{E06F4574-6ECB-440A-98AB-53EFD442D715}.Debug|x86.ActiveCfg = Debug|Any CPU
		{E06F4574-6ECB-440A-98AB-53EFD442D715}.Debug|x86.Build.0 = Debug|Any CPU
		{E06F4574-6ECB-440A-98AB-53EFD442D715}.Release|Any CPU.ActiveCfg = Release|Any CPU
		{E06F4574-6ECB-440A-98AB-53EFD442D715}.Release|Any CPU.Build.0 = Release|Any CPU
		{E06F4574-6ECB-440A-98AB-53EFD442D715}.Release|ARM.ActiveCfg = Release|Any CPU
		{E06F4574-6ECB-440A-98AB-53EFD442D715}.Release|ARM.Build.0 = Release|Any CPU
		{E06F4574-6ECB-440A-98AB-53EFD442D715}.Release|x64.ActiveCfg = Release|Any CPU
		{E06F4574-6ECB-440A-98AB-53EFD442D715}.Release|x64.Build.0 = Release|Any CPU
		{E06F4574-6ECB-440A-98AB-53EFD442D715}.Release|x86.ActiveCfg = Release|Any CPU
		{E06F4574-6ECB-440A-98AB-53EFD442D715}.Release|x86.Build.0 = Release|Any CPU
		{6A639622-88DA-4FE9-94A5-A6265E7C224E}.Debug|Any CPU.ActiveCfg = Debug|Any CPU
		{6A639622-88DA-4FE9-94A5-A6265E7C224E}.Debug|Any CPU.Build.0 = Debug|Any CPU
		{6A639622-88DA-4FE9-94A5-A6265E7C224E}.Debug|ARM.ActiveCfg = Debug|Any CPU
		{6A639622-88DA-4FE9-94A5-A6265E7C224E}.Debug|ARM.Build.0 = Debug|Any CPU
		{6A639622-88DA-4FE9-94A5-A6265E7C224E}.Debug|x64.ActiveCfg = Debug|Any CPU
		{6A639622-88DA-4FE9-94A5-A6265E7C224E}.Debug|x64.Build.0 = Debug|Any CPU
		{6A639622-88DA-4FE9-94A5-A6265E7C224E}.Debug|x86.ActiveCfg = Debug|Any CPU
		{6A639622-88DA-4FE9-94A5-A6265E7C224E}.Debug|x86.Build.0 = Debug|Any CPU
		{6A639622-88DA-4FE9-94A5-A6265E7C224E}.Release|Any CPU.ActiveCfg = Release|Any CPU
		{6A639622-88DA-4FE9-94A5-A6265E7C224E}.Release|Any CPU.Build.0 = Release|Any CPU
		{6A639622-88DA-4FE9-94A5-A6265E7C224E}.Release|ARM.ActiveCfg = Release|Any CPU
		{6A639622-88DA-4FE9-94A5-A6265E7C224E}.Release|ARM.Build.0 = Release|Any CPU
		{6A639622-88DA-4FE9-94A5-A6265E7C224E}.Release|x64.ActiveCfg = Release|Any CPU
		{6A639622-88DA-4FE9-94A5-A6265E7C224E}.Release|x64.Build.0 = Release|Any CPU
		{6A639622-88DA-4FE9-94A5-A6265E7C224E}.Release|x86.ActiveCfg = Release|Any CPU
		{6A639622-88DA-4FE9-94A5-A6265E7C224E}.Release|x86.Build.0 = Release|Any CPU
		{F347BAA2-D2A8-4CCF-8018-3CEE879C630C}.Debug|Any CPU.ActiveCfg = Debug|Any CPU
		{F347BAA2-D2A8-4CCF-8018-3CEE879C630C}.Debug|Any CPU.Build.0 = Debug|Any CPU
		{F347BAA2-D2A8-4CCF-8018-3CEE879C630C}.Debug|ARM.ActiveCfg = Debug|Any CPU
		{F347BAA2-D2A8-4CCF-8018-3CEE879C630C}.Debug|ARM.Build.0 = Debug|Any CPU
		{F347BAA2-D2A8-4CCF-8018-3CEE879C630C}.Debug|x64.ActiveCfg = Debug|Any CPU
		{F347BAA2-D2A8-4CCF-8018-3CEE879C630C}.Debug|x64.Build.0 = Debug|Any CPU
		{F347BAA2-D2A8-4CCF-8018-3CEE879C630C}.Debug|x86.ActiveCfg = Debug|Any CPU
		{F347BAA2-D2A8-4CCF-8018-3CEE879C630C}.Debug|x86.Build.0 = Debug|Any CPU
		{F347BAA2-D2A8-4CCF-8018-3CEE879C630C}.Release|Any CPU.ActiveCfg = Release|Any CPU
		{F347BAA2-D2A8-4CCF-8018-3CEE879C630C}.Release|Any CPU.Build.0 = Release|Any CPU
		{F347BAA2-D2A8-4CCF-8018-3CEE879C630C}.Release|ARM.ActiveCfg = Release|Any CPU
		{F347BAA2-D2A8-4CCF-8018-3CEE879C630C}.Release|ARM.Build.0 = Release|Any CPU
		{F347BAA2-D2A8-4CCF-8018-3CEE879C630C}.Release|x64.ActiveCfg = Release|Any CPU
		{F347BAA2-D2A8-4CCF-8018-3CEE879C630C}.Release|x64.Build.0 = Release|Any CPU
		{F347BAA2-D2A8-4CCF-8018-3CEE879C630C}.Release|x86.ActiveCfg = Release|Any CPU
		{F347BAA2-D2A8-4CCF-8018-3CEE879C630C}.Release|x86.Build.0 = Release|Any CPU
		{A53140B0-0B01-4940-B0CA-5A21145692F3}.Debug|Any CPU.ActiveCfg = Debug|Any CPU
		{A53140B0-0B01-4940-B0CA-5A21145692F3}.Debug|Any CPU.Build.0 = Debug|Any CPU
		{A53140B0-0B01-4940-B0CA-5A21145692F3}.Debug|ARM.ActiveCfg = Debug|Any CPU
		{A53140B0-0B01-4940-B0CA-5A21145692F3}.Debug|ARM.Build.0 = Debug|Any CPU
		{A53140B0-0B01-4940-B0CA-5A21145692F3}.Debug|x64.ActiveCfg = Debug|Any CPU
		{A53140B0-0B01-4940-B0CA-5A21145692F3}.Debug|x64.Build.0 = Debug|Any CPU
		{A53140B0-0B01-4940-B0CA-5A21145692F3}.Debug|x86.ActiveCfg = Debug|Any CPU
		{A53140B0-0B01-4940-B0CA-5A21145692F3}.Debug|x86.Build.0 = Debug|Any CPU
		{A53140B0-0B01-4940-B0CA-5A21145692F3}.Release|Any CPU.ActiveCfg = Release|Any CPU
		{A53140B0-0B01-4940-B0CA-5A21145692F3}.Release|Any CPU.Build.0 = Release|Any CPU
		{A53140B0-0B01-4940-B0CA-5A21145692F3}.Release|ARM.ActiveCfg = Release|Any CPU
		{A53140B0-0B01-4940-B0CA-5A21145692F3}.Release|ARM.Build.0 = Release|Any CPU
		{A53140B0-0B01-4940-B0CA-5A21145692F3}.Release|x64.ActiveCfg = Release|Any CPU
		{A53140B0-0B01-4940-B0CA-5A21145692F3}.Release|x64.Build.0 = Release|Any CPU
		{A53140B0-0B01-4940-B0CA-5A21145692F3}.Release|x86.ActiveCfg = Release|Any CPU
		{A53140B0-0B01-4940-B0CA-5A21145692F3}.Release|x86.Build.0 = Release|Any CPU
		{0909EF9A-FE39-4841-AB07-40BB893AA47E}.Debug|Any CPU.ActiveCfg = Debug|x86
		{0909EF9A-FE39-4841-AB07-40BB893AA47E}.Debug|ARM.ActiveCfg = Debug|ARM
		{0909EF9A-FE39-4841-AB07-40BB893AA47E}.Debug|ARM.Build.0 = Debug|ARM
		{0909EF9A-FE39-4841-AB07-40BB893AA47E}.Debug|ARM.Deploy.0 = Debug|ARM
		{0909EF9A-FE39-4841-AB07-40BB893AA47E}.Debug|x64.ActiveCfg = Debug|x64
		{0909EF9A-FE39-4841-AB07-40BB893AA47E}.Debug|x64.Build.0 = Debug|x64
		{0909EF9A-FE39-4841-AB07-40BB893AA47E}.Debug|x64.Deploy.0 = Debug|x64
		{0909EF9A-FE39-4841-AB07-40BB893AA47E}.Debug|x86.ActiveCfg = Debug|x86
		{0909EF9A-FE39-4841-AB07-40BB893AA47E}.Debug|x86.Build.0 = Debug|x86
		{0909EF9A-FE39-4841-AB07-40BB893AA47E}.Debug|x86.Deploy.0 = Debug|x86
		{0909EF9A-FE39-4841-AB07-40BB893AA47E}.Release|Any CPU.ActiveCfg = Release|x86
		{0909EF9A-FE39-4841-AB07-40BB893AA47E}.Release|ARM.ActiveCfg = Release|ARM
		{0909EF9A-FE39-4841-AB07-40BB893AA47E}.Release|ARM.Build.0 = Release|ARM
		{0909EF9A-FE39-4841-AB07-40BB893AA47E}.Release|ARM.Deploy.0 = Release|ARM
		{0909EF9A-FE39-4841-AB07-40BB893AA47E}.Release|x64.ActiveCfg = Release|x64
		{0909EF9A-FE39-4841-AB07-40BB893AA47E}.Release|x64.Build.0 = Release|x64
		{0909EF9A-FE39-4841-AB07-40BB893AA47E}.Release|x64.Deploy.0 = Release|x64
		{0909EF9A-FE39-4841-AB07-40BB893AA47E}.Release|x86.ActiveCfg = Release|x86
		{0909EF9A-FE39-4841-AB07-40BB893AA47E}.Release|x86.Build.0 = Release|x86
		{0909EF9A-FE39-4841-AB07-40BB893AA47E}.Release|x86.Deploy.0 = Release|x86
		{0716388E-E715-4A29-B38E-6A2C2799942B}.Debug|Any CPU.ActiveCfg = Debug|Any CPU
		{0716388E-E715-4A29-B38E-6A2C2799942B}.Debug|Any CPU.Build.0 = Debug|Any CPU
		{0716388E-E715-4A29-B38E-6A2C2799942B}.Debug|ARM.ActiveCfg = Debug|Any CPU
		{0716388E-E715-4A29-B38E-6A2C2799942B}.Debug|ARM.Build.0 = Debug|Any CPU
		{0716388E-E715-4A29-B38E-6A2C2799942B}.Debug|x64.ActiveCfg = Debug|Any CPU
		{0716388E-E715-4A29-B38E-6A2C2799942B}.Debug|x64.Build.0 = Debug|Any CPU
		{0716388E-E715-4A29-B38E-6A2C2799942B}.Debug|x86.ActiveCfg = Debug|Any CPU
		{0716388E-E715-4A29-B38E-6A2C2799942B}.Debug|x86.Build.0 = Debug|Any CPU
		{0716388E-E715-4A29-B38E-6A2C2799942B}.Release|Any CPU.ActiveCfg = Release|Any CPU
		{0716388E-E715-4A29-B38E-6A2C2799942B}.Release|Any CPU.Build.0 = Release|Any CPU
		{0716388E-E715-4A29-B38E-6A2C2799942B}.Release|ARM.ActiveCfg = Release|Any CPU
		{0716388E-E715-4A29-B38E-6A2C2799942B}.Release|ARM.Build.0 = Release|Any CPU
		{0716388E-E715-4A29-B38E-6A2C2799942B}.Release|x64.ActiveCfg = Release|Any CPU
		{0716388E-E715-4A29-B38E-6A2C2799942B}.Release|x64.Build.0 = Release|Any CPU
		{0716388E-E715-4A29-B38E-6A2C2799942B}.Release|x86.ActiveCfg = Release|Any CPU
		{0716388E-E715-4A29-B38E-6A2C2799942B}.Release|x86.Build.0 = Release|Any CPU
		{7FA601DF-6561-45D8-987D-E623B471BE9C}.Debug|Any CPU.ActiveCfg = Debug|Any CPU
		{7FA601DF-6561-45D8-987D-E623B471BE9C}.Debug|Any CPU.Build.0 = Debug|Any CPU
		{7FA601DF-6561-45D8-987D-E623B471BE9C}.Debug|Any CPU.Deploy.0 = Debug|Any CPU
		{7FA601DF-6561-45D8-987D-E623B471BE9C}.Debug|ARM.ActiveCfg = Debug|Any CPU
		{7FA601DF-6561-45D8-987D-E623B471BE9C}.Debug|ARM.Build.0 = Debug|Any CPU
		{7FA601DF-6561-45D8-987D-E623B471BE9C}.Debug|ARM.Deploy.0 = Debug|Any CPU
		{7FA601DF-6561-45D8-987D-E623B471BE9C}.Debug|x64.ActiveCfg = Debug|Any CPU
		{7FA601DF-6561-45D8-987D-E623B471BE9C}.Debug|x64.Build.0 = Debug|Any CPU
		{7FA601DF-6561-45D8-987D-E623B471BE9C}.Debug|x64.Deploy.0 = Debug|Any CPU
		{7FA601DF-6561-45D8-987D-E623B471BE9C}.Debug|x86.ActiveCfg = Debug|Any CPU
		{7FA601DF-6561-45D8-987D-E623B471BE9C}.Debug|x86.Build.0 = Debug|Any CPU
		{7FA601DF-6561-45D8-987D-E623B471BE9C}.Debug|x86.Deploy.0 = Debug|Any CPU
		{7FA601DF-6561-45D8-987D-E623B471BE9C}.Release|Any CPU.ActiveCfg = Release|Any CPU
		{7FA601DF-6561-45D8-987D-E623B471BE9C}.Release|Any CPU.Build.0 = Release|Any CPU
		{7FA601DF-6561-45D8-987D-E623B471BE9C}.Release|Any CPU.Deploy.0 = Release|Any CPU
		{7FA601DF-6561-45D8-987D-E623B471BE9C}.Release|ARM.ActiveCfg = Release|Any CPU
		{7FA601DF-6561-45D8-987D-E623B471BE9C}.Release|ARM.Build.0 = Release|Any CPU
		{7FA601DF-6561-45D8-987D-E623B471BE9C}.Release|ARM.Deploy.0 = Release|Any CPU
		{7FA601DF-6561-45D8-987D-E623B471BE9C}.Release|x64.ActiveCfg = Release|Any CPU
		{7FA601DF-6561-45D8-987D-E623B471BE9C}.Release|x64.Build.0 = Release|Any CPU
		{7FA601DF-6561-45D8-987D-E623B471BE9C}.Release|x64.Deploy.0 = Release|Any CPU
		{7FA601DF-6561-45D8-987D-E623B471BE9C}.Release|x86.ActiveCfg = Release|Any CPU
		{7FA601DF-6561-45D8-987D-E623B471BE9C}.Release|x86.Build.0 = Release|Any CPU
		{7FA601DF-6561-45D8-987D-E623B471BE9C}.Release|x86.Deploy.0 = Release|Any CPU
		{B88E8D90-F5FF-47A4-B39D-291FE73168A8}.Debug|Any CPU.ActiveCfg = Debug|Any CPU
		{B88E8D90-F5FF-47A4-B39D-291FE73168A8}.Debug|Any CPU.Build.0 = Debug|Any CPU
		{B88E8D90-F5FF-47A4-B39D-291FE73168A8}.Debug|ARM.ActiveCfg = Debug|Any CPU
		{B88E8D90-F5FF-47A4-B39D-291FE73168A8}.Debug|ARM.Build.0 = Debug|Any CPU
		{B88E8D90-F5FF-47A4-B39D-291FE73168A8}.Debug|x64.ActiveCfg = Debug|Any CPU
		{B88E8D90-F5FF-47A4-B39D-291FE73168A8}.Debug|x64.Build.0 = Debug|Any CPU
		{B88E8D90-F5FF-47A4-B39D-291FE73168A8}.Debug|x86.ActiveCfg = Debug|Any CPU
		{B88E8D90-F5FF-47A4-B39D-291FE73168A8}.Debug|x86.Build.0 = Debug|Any CPU
		{B88E8D90-F5FF-47A4-B39D-291FE73168A8}.Release|Any CPU.ActiveCfg = Release|Any CPU
		{B88E8D90-F5FF-47A4-B39D-291FE73168A8}.Release|Any CPU.Build.0 = Release|Any CPU
		{B88E8D90-F5FF-47A4-B39D-291FE73168A8}.Release|ARM.ActiveCfg = Release|Any CPU
		{B88E8D90-F5FF-47A4-B39D-291FE73168A8}.Release|ARM.Build.0 = Release|Any CPU
		{B88E8D90-F5FF-47A4-B39D-291FE73168A8}.Release|x64.ActiveCfg = Release|Any CPU
		{B88E8D90-F5FF-47A4-B39D-291FE73168A8}.Release|x64.Build.0 = Release|Any CPU
		{B88E8D90-F5FF-47A4-B39D-291FE73168A8}.Release|x86.ActiveCfg = Release|Any CPU
		{B88E8D90-F5FF-47A4-B39D-291FE73168A8}.Release|x86.Build.0 = Release|Any CPU
		{FF935A6A-9931-48A9-8E1A-6076C68C2B0D}.Debug|Any CPU.ActiveCfg = Debug|Any CPU
		{FF935A6A-9931-48A9-8E1A-6076C68C2B0D}.Debug|Any CPU.Build.0 = Debug|Any CPU
		{FF935A6A-9931-48A9-8E1A-6076C68C2B0D}.Debug|ARM.ActiveCfg = Debug|Any CPU
		{FF935A6A-9931-48A9-8E1A-6076C68C2B0D}.Debug|ARM.Build.0 = Debug|Any CPU
		{FF935A6A-9931-48A9-8E1A-6076C68C2B0D}.Debug|x64.ActiveCfg = Debug|Any CPU
		{FF935A6A-9931-48A9-8E1A-6076C68C2B0D}.Debug|x64.Build.0 = Debug|Any CPU
		{FF935A6A-9931-48A9-8E1A-6076C68C2B0D}.Debug|x86.ActiveCfg = Debug|Any CPU
		{FF935A6A-9931-48A9-8E1A-6076C68C2B0D}.Debug|x86.Build.0 = Debug|Any CPU
		{FF935A6A-9931-48A9-8E1A-6076C68C2B0D}.Release|Any CPU.ActiveCfg = Release|Any CPU
		{FF935A6A-9931-48A9-8E1A-6076C68C2B0D}.Release|Any CPU.Build.0 = Release|Any CPU
		{FF935A6A-9931-48A9-8E1A-6076C68C2B0D}.Release|ARM.ActiveCfg = Release|Any CPU
		{FF935A6A-9931-48A9-8E1A-6076C68C2B0D}.Release|ARM.Build.0 = Release|Any CPU
		{FF935A6A-9931-48A9-8E1A-6076C68C2B0D}.Release|x64.ActiveCfg = Release|Any CPU
		{FF935A6A-9931-48A9-8E1A-6076C68C2B0D}.Release|x64.Build.0 = Release|Any CPU
		{FF935A6A-9931-48A9-8E1A-6076C68C2B0D}.Release|x86.ActiveCfg = Release|Any CPU
		{FF935A6A-9931-48A9-8E1A-6076C68C2B0D}.Release|x86.Build.0 = Release|Any CPU
		{CBDF6640-926D-49E1-ADD3-C1D9545B96A2}.Debug|Any CPU.ActiveCfg = Debug|Any CPU
		{CBDF6640-926D-49E1-ADD3-C1D9545B96A2}.Debug|Any CPU.Build.0 = Debug|Any CPU
		{CBDF6640-926D-49E1-ADD3-C1D9545B96A2}.Debug|ARM.ActiveCfg = Debug|Any CPU
		{CBDF6640-926D-49E1-ADD3-C1D9545B96A2}.Debug|ARM.Build.0 = Debug|Any CPU
		{CBDF6640-926D-49E1-ADD3-C1D9545B96A2}.Debug|x64.ActiveCfg = Debug|Any CPU
		{CBDF6640-926D-49E1-ADD3-C1D9545B96A2}.Debug|x64.Build.0 = Debug|Any CPU
		{CBDF6640-926D-49E1-ADD3-C1D9545B96A2}.Debug|x86.ActiveCfg = Debug|Any CPU
		{CBDF6640-926D-49E1-ADD3-C1D9545B96A2}.Debug|x86.Build.0 = Debug|Any CPU
		{CBDF6640-926D-49E1-ADD3-C1D9545B96A2}.Release|Any CPU.ActiveCfg = Release|Any CPU
		{CBDF6640-926D-49E1-ADD3-C1D9545B96A2}.Release|Any CPU.Build.0 = Release|Any CPU
		{CBDF6640-926D-49E1-ADD3-C1D9545B96A2}.Release|ARM.ActiveCfg = Release|Any CPU
		{CBDF6640-926D-49E1-ADD3-C1D9545B96A2}.Release|ARM.Build.0 = Release|Any CPU
		{CBDF6640-926D-49E1-ADD3-C1D9545B96A2}.Release|x64.ActiveCfg = Release|Any CPU
		{CBDF6640-926D-49E1-ADD3-C1D9545B96A2}.Release|x64.Build.0 = Release|Any CPU
		{CBDF6640-926D-49E1-ADD3-C1D9545B96A2}.Release|x86.ActiveCfg = Release|Any CPU
		{CBDF6640-926D-49E1-ADD3-C1D9545B96A2}.Release|x86.Build.0 = Release|Any CPU
		{264E21D6-4024-4A53-B1BE-1CD42F3348FE}.Debug|Any CPU.ActiveCfg = Debug|Any CPU
		{264E21D6-4024-4A53-B1BE-1CD42F3348FE}.Debug|Any CPU.Build.0 = Debug|Any CPU
		{264E21D6-4024-4A53-B1BE-1CD42F3348FE}.Debug|ARM.ActiveCfg = Debug|Any CPU
		{264E21D6-4024-4A53-B1BE-1CD42F3348FE}.Debug|ARM.Build.0 = Debug|Any CPU
		{264E21D6-4024-4A53-B1BE-1CD42F3348FE}.Debug|x64.ActiveCfg = Debug|Any CPU
		{264E21D6-4024-4A53-B1BE-1CD42F3348FE}.Debug|x64.Build.0 = Debug|Any CPU
		{264E21D6-4024-4A53-B1BE-1CD42F3348FE}.Debug|x86.ActiveCfg = Debug|Any CPU
		{264E21D6-4024-4A53-B1BE-1CD42F3348FE}.Debug|x86.Build.0 = Debug|Any CPU
		{264E21D6-4024-4A53-B1BE-1CD42F3348FE}.Release|Any CPU.ActiveCfg = Release|Any CPU
		{264E21D6-4024-4A53-B1BE-1CD42F3348FE}.Release|Any CPU.Build.0 = Release|Any CPU
		{264E21D6-4024-4A53-B1BE-1CD42F3348FE}.Release|ARM.ActiveCfg = Release|Any CPU
		{264E21D6-4024-4A53-B1BE-1CD42F3348FE}.Release|ARM.Build.0 = Release|Any CPU
		{264E21D6-4024-4A53-B1BE-1CD42F3348FE}.Release|x64.ActiveCfg = Release|Any CPU
		{264E21D6-4024-4A53-B1BE-1CD42F3348FE}.Release|x64.Build.0 = Release|Any CPU
		{264E21D6-4024-4A53-B1BE-1CD42F3348FE}.Release|x86.ActiveCfg = Release|Any CPU
		{264E21D6-4024-4A53-B1BE-1CD42F3348FE}.Release|x86.Build.0 = Release|Any CPU
		{984932DF-34AA-4160-9A68-DDA82D708759}.Debug|Any CPU.ActiveCfg = Debug|Any CPU
		{984932DF-34AA-4160-9A68-DDA82D708759}.Debug|Any CPU.Build.0 = Debug|Any CPU
		{984932DF-34AA-4160-9A68-DDA82D708759}.Debug|ARM.ActiveCfg = Debug|Any CPU
		{984932DF-34AA-4160-9A68-DDA82D708759}.Debug|ARM.Build.0 = Debug|Any CPU
		{984932DF-34AA-4160-9A68-DDA82D708759}.Debug|x64.ActiveCfg = Debug|Any CPU
		{984932DF-34AA-4160-9A68-DDA82D708759}.Debug|x64.Build.0 = Debug|Any CPU
		{984932DF-34AA-4160-9A68-DDA82D708759}.Debug|x86.ActiveCfg = Debug|Any CPU
		{984932DF-34AA-4160-9A68-DDA82D708759}.Debug|x86.Build.0 = Debug|Any CPU
		{984932DF-34AA-4160-9A68-DDA82D708759}.Release|Any CPU.ActiveCfg = Release|Any CPU
		{984932DF-34AA-4160-9A68-DDA82D708759}.Release|Any CPU.Build.0 = Release|Any CPU
		{984932DF-34AA-4160-9A68-DDA82D708759}.Release|ARM.ActiveCfg = Release|Any CPU
		{984932DF-34AA-4160-9A68-DDA82D708759}.Release|ARM.Build.0 = Release|Any CPU
		{984932DF-34AA-4160-9A68-DDA82D708759}.Release|x64.ActiveCfg = Release|Any CPU
		{984932DF-34AA-4160-9A68-DDA82D708759}.Release|x64.Build.0 = Release|Any CPU
		{984932DF-34AA-4160-9A68-DDA82D708759}.Release|x86.ActiveCfg = Release|Any CPU
		{984932DF-34AA-4160-9A68-DDA82D708759}.Release|x86.Build.0 = Release|Any CPU
		{18701CA7-7E04-4C34-A8F2-F13BC46E09E7}.Debug|Any CPU.ActiveCfg = Debug|Any CPU
		{18701CA7-7E04-4C34-A8F2-F13BC46E09E7}.Debug|Any CPU.Build.0 = Debug|Any CPU
		{18701CA7-7E04-4C34-A8F2-F13BC46E09E7}.Debug|ARM.ActiveCfg = Debug|Any CPU
		{18701CA7-7E04-4C34-A8F2-F13BC46E09E7}.Debug|ARM.Build.0 = Debug|Any CPU
		{18701CA7-7E04-4C34-A8F2-F13BC46E09E7}.Debug|x64.ActiveCfg = Debug|Any CPU
		{18701CA7-7E04-4C34-A8F2-F13BC46E09E7}.Debug|x64.Build.0 = Debug|Any CPU
		{18701CA7-7E04-4C34-A8F2-F13BC46E09E7}.Debug|x86.ActiveCfg = Debug|Any CPU
		{18701CA7-7E04-4C34-A8F2-F13BC46E09E7}.Debug|x86.Build.0 = Debug|Any CPU
		{18701CA7-7E04-4C34-A8F2-F13BC46E09E7}.Release|Any CPU.ActiveCfg = Release|Any CPU
		{18701CA7-7E04-4C34-A8F2-F13BC46E09E7}.Release|Any CPU.Build.0 = Release|Any CPU
		{18701CA7-7E04-4C34-A8F2-F13BC46E09E7}.Release|ARM.ActiveCfg = Release|Any CPU
		{18701CA7-7E04-4C34-A8F2-F13BC46E09E7}.Release|ARM.Build.0 = Release|Any CPU
		{18701CA7-7E04-4C34-A8F2-F13BC46E09E7}.Release|x64.ActiveCfg = Release|Any CPU
		{18701CA7-7E04-4C34-A8F2-F13BC46E09E7}.Release|x64.Build.0 = Release|Any CPU
		{18701CA7-7E04-4C34-A8F2-F13BC46E09E7}.Release|x86.ActiveCfg = Release|Any CPU
		{18701CA7-7E04-4C34-A8F2-F13BC46E09E7}.Release|x86.Build.0 = Release|Any CPU
		{7484A2CA-CB63-4758-86F3-46F941E0D36C}.Debug|Any CPU.ActiveCfg = Debug|Any CPU
		{7484A2CA-CB63-4758-86F3-46F941E0D36C}.Debug|Any CPU.Build.0 = Debug|Any CPU
		{7484A2CA-CB63-4758-86F3-46F941E0D36C}.Debug|ARM.ActiveCfg = Debug|Any CPU
		{7484A2CA-CB63-4758-86F3-46F941E0D36C}.Debug|ARM.Build.0 = Debug|Any CPU
		{7484A2CA-CB63-4758-86F3-46F941E0D36C}.Debug|x64.ActiveCfg = Debug|Any CPU
		{7484A2CA-CB63-4758-86F3-46F941E0D36C}.Debug|x64.Build.0 = Debug|Any CPU
		{7484A2CA-CB63-4758-86F3-46F941E0D36C}.Debug|x86.ActiveCfg = Debug|Any CPU
		{7484A2CA-CB63-4758-86F3-46F941E0D36C}.Debug|x86.Build.0 = Debug|Any CPU
		{7484A2CA-CB63-4758-86F3-46F941E0D36C}.Release|Any CPU.ActiveCfg = Release|Any CPU
		{7484A2CA-CB63-4758-86F3-46F941E0D36C}.Release|Any CPU.Build.0 = Release|Any CPU
		{7484A2CA-CB63-4758-86F3-46F941E0D36C}.Release|ARM.ActiveCfg = Release|Any CPU
		{7484A2CA-CB63-4758-86F3-46F941E0D36C}.Release|ARM.Build.0 = Release|Any CPU
		{7484A2CA-CB63-4758-86F3-46F941E0D36C}.Release|x64.ActiveCfg = Release|Any CPU
		{7484A2CA-CB63-4758-86F3-46F941E0D36C}.Release|x64.Build.0 = Release|Any CPU
		{7484A2CA-CB63-4758-86F3-46F941E0D36C}.Release|x86.ActiveCfg = Release|Any CPU
		{7484A2CA-CB63-4758-86F3-46F941E0D36C}.Release|x86.Build.0 = Release|Any CPU
		{B50FA7FF-2CFE-4F5F-954B-C31EE73C9E28}.Debug|Any CPU.ActiveCfg = Debug|x86
		{B50FA7FF-2CFE-4F5F-954B-C31EE73C9E28}.Debug|ARM.ActiveCfg = Debug|ARM
		{B50FA7FF-2CFE-4F5F-954B-C31EE73C9E28}.Debug|ARM.Build.0 = Debug|ARM
		{B50FA7FF-2CFE-4F5F-954B-C31EE73C9E28}.Debug|ARM.Deploy.0 = Debug|ARM
		{B50FA7FF-2CFE-4F5F-954B-C31EE73C9E28}.Debug|x64.ActiveCfg = Debug|x64
		{B50FA7FF-2CFE-4F5F-954B-C31EE73C9E28}.Debug|x64.Build.0 = Debug|x64
		{B50FA7FF-2CFE-4F5F-954B-C31EE73C9E28}.Debug|x64.Deploy.0 = Debug|x64
		{B50FA7FF-2CFE-4F5F-954B-C31EE73C9E28}.Debug|x86.ActiveCfg = Debug|x86
		{B50FA7FF-2CFE-4F5F-954B-C31EE73C9E28}.Debug|x86.Build.0 = Debug|x86
		{B50FA7FF-2CFE-4F5F-954B-C31EE73C9E28}.Debug|x86.Deploy.0 = Debug|x86
		{B50FA7FF-2CFE-4F5F-954B-C31EE73C9E28}.Release|Any CPU.ActiveCfg = Release|x86
		{B50FA7FF-2CFE-4F5F-954B-C31EE73C9E28}.Release|ARM.ActiveCfg = Release|ARM
		{B50FA7FF-2CFE-4F5F-954B-C31EE73C9E28}.Release|ARM.Build.0 = Release|ARM
		{B50FA7FF-2CFE-4F5F-954B-C31EE73C9E28}.Release|ARM.Deploy.0 = Release|ARM
		{B50FA7FF-2CFE-4F5F-954B-C31EE73C9E28}.Release|x64.ActiveCfg = Release|x64
		{B50FA7FF-2CFE-4F5F-954B-C31EE73C9E28}.Release|x64.Build.0 = Release|x64
		{B50FA7FF-2CFE-4F5F-954B-C31EE73C9E28}.Release|x64.Deploy.0 = Release|x64
		{B50FA7FF-2CFE-4F5F-954B-C31EE73C9E28}.Release|x86.ActiveCfg = Release|x86
		{B50FA7FF-2CFE-4F5F-954B-C31EE73C9E28}.Release|x86.Build.0 = Release|x86
		{B50FA7FF-2CFE-4F5F-954B-C31EE73C9E28}.Release|x86.Deploy.0 = Release|x86
	EndGlobalSection
	GlobalSection(SolutionProperties) = preSolution
		HideSolutionNode = FALSE
	EndGlobalSection
	GlobalSection(NestedProjects) = preSolution
		{279C15D3-D2C1-4A58-825B-999B1DB3FAAA} = {CFBB5E52-CA73-4D53-BBF2-BEB233D9E621}
		{12510315-EE65-4000-8A23-C367C022DE89} = {1F5F5953-B846-4DA8-83DA-9F0071C35E30}
		{E009B528-B18E-4860-9BDD-3EAEA88B8B61} = {1F5F5953-B846-4DA8-83DA-9F0071C35E30}
		{E06F4574-6ECB-440A-98AB-53EFD442D715} = {AECA049D-1841-451C-8C9E-B204C394B776}
		{6A639622-88DA-4FE9-94A5-A6265E7C224E} = {AECA049D-1841-451C-8C9E-B204C394B776}
		{F347BAA2-D2A8-4CCF-8018-3CEE879C630C} = {AECA049D-1841-451C-8C9E-B204C394B776}
		{A53140B0-0B01-4940-B0CA-5A21145692F3} = {AECA049D-1841-451C-8C9E-B204C394B776}
		{0909EF9A-FE39-4841-AB07-40BB893AA47E} = {1F5F5953-B846-4DA8-83DA-9F0071C35E30}
		{0716388E-E715-4A29-B38E-6A2C2799942B} = {1F5F5953-B846-4DA8-83DA-9F0071C35E30}
		{18701CA7-7E04-4C34-A8F2-F13BC46E09E7} = {CFBB5E52-CA73-4D53-BBF2-BEB233D9E621}
		{7484A2CA-CB63-4758-86F3-46F941E0D36C} = {CFBB5E52-CA73-4D53-BBF2-BEB233D9E621}
		{B50FA7FF-2CFE-4F5F-954B-C31EE73C9E28} = {CFBB5E52-CA73-4D53-BBF2-BEB233D9E621}
	EndGlobalSection
	GlobalSection(ExtensibilityGlobals) = postSolution
		SolutionGuid = {E935CFC0-B7F1-4F00-AF9E-6F0D70525C85}
	EndGlobalSection
EndGlobal
